
Microsoft Visual Studio Solution File, Format Version 12.00
# Visual Studio Version 17
VisualStudioVersion = 17.12.35707.178
MinimumVisualStudioVersion = 10.0.40219.1
Project("{2150E333-8FDC-42A3-9474-1A3956D46DE8}") = "Core", "Core", "{8E558C8A-3F79-424B-A526-17DB037E5A5D}"
EndProject
Project("{2150E333-8FDC-42A3-9474-1A3956D46DE8}") = "Infrastructure", "Infrastructure", "{F6E2212C-CFBA-41EF-A27E-449A75397947}"
EndProject
Project("{2150E333-8FDC-42A3-9474-1A3956D46DE8}") = "Business", "Business", "{7A1BB605-B0DE-451D-AB7D-4F100391E2B7}"
EndProject
Project("{2150E333-8FDC-42A3-9474-1A3956D46DE8}") = "Api", "Api", "{9A58C1BB-4C1B-4F3D-B16F-761D4C8B46C5}"
EndProject
Project("{2150E333-8FDC-42A3-9474-1A3956D46DE8}") = "Presentation", "Presentation", "{588B03F6-4888-421C-B717-7C02F7B80435}"
EndProject
Project("{FAE04EC0-301F-11D3-BF4B-00C04F79EFBC}") = "Domain", "Core\Domain\Domain.csproj", "{34A97F54-7929-4221-BE67-81859F8A775D}"
EndProject
Project("{FAE04EC0-301F-11D3-BF4B-00C04F79EFBC}") = "Persistence", "Infrastructure\Persistence\Persistence.csproj", "{CB893D1C-0C4B-4EC0-8419-317D221DF70F}"
EndProject
Project("{FAE04EC0-301F-11D3-BF4B-00C04F79EFBC}") = "Application", "Business\Application\Application.csproj", "{3A6FC07F-5A52-4753-9666-8C746DE387A4}"
EndProject
Project("{FAE04EC0-301F-11D3-BF4B-00C04F79EFBC}") = "Api", "Web\Api\Api.csproj", "{8E4FA924-ADC3-4427-9C50-2D1629F5C3CD}"
EndProject
Project("{2150E333-8FDC-42A3-9474-1A3956D46DE8}") = "Test", "Test", "{0EBFE5A1-15FC-4339-80D7-94879FDE3706}"
EndProject
Project("{FAE04EC0-301F-11D3-BF4B-00C04F79EFBC}") = "UnitTest", "Test\UnitTest\UnitTest.csproj", "{332C3360-FCC4-4F84-9DE5-1E7346C615F6}"
EndProject
Project("{FAE04EC0-301F-11D3-BF4B-00C04F79EFBC}") = "UI", "Presentation\UI\UI.csproj", "{BC7AA10B-FA6D-40DE-9D89-C4D928C4CA67}"
EndProject
Global
	GlobalSection(SolutionConfigurationPlatforms) = preSolution
		Debug|Any CPU = Debug|Any CPU
		Release|Any CPU = Release|Any CPU
	EndGlobalSection
	GlobalSection(ProjectConfigurationPlatforms) = postSolution
		{34A97F54-7929-4221-BE67-81859F8A775D}.Debug|Any CPU.ActiveCfg = Debug|Any CPU
		{34A97F54-7929-4221-BE67-81859F8A775D}.Debug|Any CPU.Build.0 = Debug|Any CPU
		{34A97F54-7929-4221-BE67-81859F8A775D}.Release|Any CPU.ActiveCfg = Release|Any CPU
		{34A97F54-7929-4221-BE67-81859F8A775D}.Release|Any CPU.Build.0 = Release|Any CPU
		{CB893D1C-0C4B-4EC0-8419-317D221DF70F}.Debug|Any CPU.ActiveCfg = Debug|Any CPU
		{CB893D1C-0C4B-4EC0-8419-317D221DF70F}.Debug|Any CPU.Build.0 = Debug|Any CPU
		{CB893D1C-0C4B-4EC0-8419-317D221DF70F}.Release|Any CPU.ActiveCfg = Release|Any CPU
		{CB893D1C-0C4B-4EC0-8419-317D221DF70F}.Release|Any CPU.Build.0 = Release|Any CPU
		{3A6FC07F-5A52-4753-9666-8C746DE387A4}.Debug|Any CPU.ActiveCfg = Debug|Any CPU
		{3A6FC07F-5A52-4753-9666-8C746DE387A4}.Debug|Any CPU.Build.0 = Debug|Any CPU
		{3A6FC07F-5A52-4753-9666-8C746DE387A4}.Release|Any CPU.ActiveCfg = Release|Any CPU
		{3A6FC07F-5A52-4753-9666-8C746DE387A4}.Release|Any CPU.Build.0 = Release|Any CPU
		{8E4FA924-ADC3-4427-9C50-2D1629F5C3CD}.Debug|Any CPU.ActiveCfg = Debug|Any CPU
		{8E4FA924-ADC3-4427-9C50-2D1629F5C3CD}.Debug|Any CPU.Build.0 = Debug|Any CPU
		{8E4FA924-ADC3-4427-9C50-2D1629F5C3CD}.Release|Any CPU.ActiveCfg = Release|Any CPU
		{8E4FA924-ADC3-4427-9C50-2D1629F5C3CD}.Release|Any CPU.Build.0 = Release|Any CPU
		{332C3360-FCC4-4F84-9DE5-1E7346C615F6}.Debug|Any CPU.ActiveCfg = Debug|Any CPU
		{332C3360-FCC4-4F84-9DE5-1E7346C615F6}.Debug|Any CPU.Build.0 = Debug|Any CPU
		{332C3360-FCC4-4F84-9DE5-1E7346C615F6}.Release|Any CPU.ActiveCfg = Release|Any CPU
		{332C3360-FCC4-4F84-9DE5-1E7346C615F6}.Release|Any CPU.Build.0 = Release|Any CPU
		{BC7AA10B-FA6D-40DE-9D89-C4D928C4CA67}.Debug|Any CPU.ActiveCfg = Debug|Any CPU
		{BC7AA10B-FA6D-40DE-9D89-C4D928C4CA67}.Debug|Any CPU.Build.0 = Debug|Any CPU
		{BC7AA10B-FA6D-40DE-9D89-C4D928C4CA67}.Release|Any CPU.ActiveCfg = Release|Any CPU
		{BC7AA10B-FA6D-40DE-9D89-C4D928C4CA67}.Release|Any CPU.Build.0 = Release|Any CPU
	EndGlobalSection
	GlobalSection(SolutionProperties) = preSolution
		HideSolutionNode = FALSE
	EndGlobalSection
	GlobalSection(NestedProjects) = preSolution
		{34A97F54-7929-4221-BE67-81859F8A775D} = {8E558C8A-3F79-424B-A526-17DB037E5A5D}
		{CB893D1C-0C4B-4EC0-8419-317D221DF70F} = {F6E2212C-CFBA-41EF-A27E-449A75397947}
		{3A6FC07F-5A52-4753-9666-8C746DE387A4} = {7A1BB605-B0DE-451D-AB7D-4F100391E2B7}
		{8E4FA924-ADC3-4427-9C50-2D1629F5C3CD} = {9A58C1BB-4C1B-4F3D-B16F-761D4C8B46C5}
		{332C3360-FCC4-4F84-9DE5-1E7346C615F6} = {0EBFE5A1-15FC-4339-80D7-94879FDE3706}
		{BC7AA10B-FA6D-40DE-9D89-C4D928C4CA67} = {588B03F6-4888-421C-B717-7C02F7B80435}
	EndGlobalSection
EndGlobal
